
Microsoft Visual Studio Solution File, Format Version 12.00
# Visual Studio Version 17
VisualStudioVersion = 17.6.33829.357
MinimumVisualStudioVersion = 10.0.40219.1
Project("{2150E333-8FDC-42A3-9474-1A3956D46DE8}") = "ApiConsume", "ApiConsume", "{4927A51B-B86E-4F7E-BA99-27662DCF141A}"
EndProject
Project("{9A19103F-16F7-4668-BE54-9A1E7A4F7556}") = "FlicoProject.EntityLayer", "ApiConsume\FlicoProject.EntityLayer\FlicoProject.EntityLayer.csproj", "{07EAB095-AF6F-47B0-81F2-5622CA8892D5}"
EndProject
Project("{9A19103F-16F7-4668-BE54-9A1E7A4F7556}") = "FlicoProject.DataAccessLayer", "ApiConsume\FlicoProject.DataAccessLayer\FlicoProject.DataAccessLayer.csproj", "{A49C1A2C-94A5-4280-ACEF-E344AEDF3802}"
EndProject
Project("{9A19103F-16F7-4668-BE54-9A1E7A4F7556}") = "FlicoProject.BusinessLayer", "ApiConsume\FlicoProject.BusinessLayer\FlicoProject.BusinessLayer.csproj", "{A36AB5F3-D025-47A7-B59C-590501E1CD97}"
EndProject
Project("{9A19103F-16F7-4668-BE54-9A1E7A4F7556}") = "FlicoProject.DtoLayer", "ApiConsume\FlicoProject.DtoLayer\FlicoProject.DtoLayer.csproj", "{9C2C26C3-2F6B-405D-8515-560403C47066}"
EndProject
Project("{9A19103F-16F7-4668-BE54-9A1E7A4F7556}") = "FlicoProject.WebApi", "ApiConsume\FlicoProject.WebApi\FlicoProject.WebApi.csproj", "{621154FA-D0AD-4634-98C0-4573385878A8}"
EndProject
Global
	GlobalSection(SolutionConfigurationPlatforms) = preSolution
		Debug|Any CPU = Debug|Any CPU
		Release|Any CPU = Release|Any CPU
	EndGlobalSection
	GlobalSection(ProjectConfigurationPlatforms) = postSolution
		{07EAB095-AF6F-47B0-81F2-5622CA8892D5}.Debug|Any CPU.ActiveCfg = Debug|Any CPU
		{07EAB095-AF6F-47B0-81F2-5622CA8892D5}.Debug|Any CPU.Build.0 = Debug|Any CPU
		{07EAB095-AF6F-47B0-81F2-5622CA8892D5}.Release|Any CPU.ActiveCfg = Release|Any CPU
		{07EAB095-AF6F-47B0-81F2-5622CA8892D5}.Release|Any CPU.Build.0 = Release|Any CPU
		{A49C1A2C-94A5-4280-ACEF-E344AEDF3802}.Debug|Any CPU.ActiveCfg = Debug|Any CPU
		{A49C1A2C-94A5-4280-ACEF-E344AEDF3802}.Debug|Any CPU.Build.0 = Debug|Any CPU
		{A49C1A2C-94A5-4280-ACEF-E344AEDF3802}.Release|Any CPU.ActiveCfg = Release|Any CPU
		{A49C1A2C-94A5-4280-ACEF-E344AEDF3802}.Release|Any CPU.Build.0 = Release|Any CPU
		{A36AB5F3-D025-47A7-B59C-590501E1CD97}.Debug|Any CPU.ActiveCfg = Debug|Any CPU
		{A36AB5F3-D025-47A7-B59C-590501E1CD97}.Debug|Any CPU.Build.0 = Debug|Any CPU
		{A36AB5F3-D025-47A7-B59C-590501E1CD97}.Release|Any CPU.ActiveCfg = Release|Any CPU
		{A36AB5F3-D025-47A7-B59C-590501E1CD97}.Release|Any CPU.Build.0 = Release|Any CPU
		{9C2C26C3-2F6B-405D-8515-560403C47066}.Debug|Any CPU.ActiveCfg = Debug|Any CPU
		{9C2C26C3-2F6B-405D-8515-560403C47066}.Debug|Any CPU.Build.0 = Debug|Any CPU
		{9C2C26C3-2F6B-405D-8515-560403C47066}.Release|Any CPU.ActiveCfg = Release|Any CPU
		{9C2C26C3-2F6B-405D-8515-560403C47066}.Release|Any CPU.Build.0 = Release|Any CPU
		{621154FA-D0AD-4634-98C0-4573385878A8}.Debug|Any CPU.ActiveCfg = Debug|Any CPU
		{621154FA-D0AD-4634-98C0-4573385878A8}.Debug|Any CPU.Build.0 = Debug|Any CPU
		{621154FA-D0AD-4634-98C0-4573385878A8}.Release|Any CPU.ActiveCfg = Release|Any CPU
		{621154FA-D0AD-4634-98C0-4573385878A8}.Release|Any CPU.Build.0 = Release|Any CPU
	EndGlobalSection
	GlobalSection(SolutionProperties) = preSolution
		HideSolutionNode = FALSE
	EndGlobalSection
	GlobalSection(NestedProjects) = preSolution
		{07EAB095-AF6F-47B0-81F2-5622CA8892D5} = {4927A51B-B86E-4F7E-BA99-27662DCF141A}
		{A49C1A2C-94A5-4280-ACEF-E344AEDF3802} = {4927A51B-B86E-4F7E-BA99-27662DCF141A}
		{A36AB5F3-D025-47A7-B59C-590501E1CD97} = {4927A51B-B86E-4F7E-BA99-27662DCF141A}
		{9C2C26C3-2F6B-405D-8515-560403C47066} = {4927A51B-B86E-4F7E-BA99-27662DCF141A}
		{621154FA-D0AD-4634-98C0-4573385878A8} = {4927A51B-B86E-4F7E-BA99-27662DCF141A}
	EndGlobalSection
	GlobalSection(ExtensibilityGlobals) = postSolution
		SolutionGuid = {66661D64-6B9B-45D9-B692-349625D4635B}
	EndGlobalSection
EndGlobal
