
Microsoft Visual Studio Solution File, Format Version 12.00
# Visual Studio Version 17
VisualStudioVersion = 17.5.002.0
MinimumVisualStudioVersion = 10.0.40219.1
Project("{9A19103F-16F7-4668-BE54-9A1E7A4F7556}") = "FlicoProject.BusinessLayer", "FlicoProject.BusinessLayer\FlicoProject.BusinessLayer.csproj", "{7FE3AAB5-11A7-4CF2-8861-18E02E39A5A1}"
EndProject
Project("{9A19103F-16F7-4668-BE54-9A1E7A4F7556}") = "FlicoProject.DataAccessLayer", "FlicoProject.DataAccessLayer\FlicoProject.DataAccessLayer.csproj", "{B1402044-DBEE-4893-8398-6E7AADE75ED7}"
EndProject
Project("{9A19103F-16F7-4668-BE54-9A1E7A4F7556}") = "FlicoProject.DtoLayer", "FlicoProject.DtoLayer\FlicoProject.DtoLayer.csproj", "{BD6EAA10-F3A4-40DF-BAB9-A2373E832B3E}"
EndProject
Project("{9A19103F-16F7-4668-BE54-9A1E7A4F7556}") = "FlicoProject.EntityLayer", "FlicoProject.EntityLayer\FlicoProject.EntityLayer.csproj", "{1FDACE9A-6D91-4573-B7A3-8DD779854F5A}"
EndProject
Project("{9A19103F-16F7-4668-BE54-9A1E7A4F7556}") = "FlicoProject.WebApi", "FlicoProject.WebApi\FlicoProject.WebApi.csproj", "{AE3A021A-EAC8-425E-876E-0E28C5819495}"
EndProject
Project("{9A19103F-16F7-4668-BE54-9A1E7A4F7556}") = "FlicoProject.WebUI", "FlicoProject.WebUI\FlicoProject.WebUI.csproj", "{52A6ED46-E1B5-49D3-B8B4-A4980B083060}"
EndProject
Global
	GlobalSection(SolutionConfigurationPlatforms) = preSolution
		Debug|Any CPU = Debug|Any CPU
		Release|Any CPU = Release|Any CPU
	EndGlobalSection
	GlobalSection(ProjectConfigurationPlatforms) = postSolution
		{7FE3AAB5-11A7-4CF2-8861-18E02E39A5A1}.Debug|Any CPU.ActiveCfg = Debug|Any CPU
		{7FE3AAB5-11A7-4CF2-8861-18E02E39A5A1}.Debug|Any CPU.Build.0 = Debug|Any CPU
		{7FE3AAB5-11A7-4CF2-8861-18E02E39A5A1}.Release|Any CPU.ActiveCfg = Release|Any CPU
		{7FE3AAB5-11A7-4CF2-8861-18E02E39A5A1}.Release|Any CPU.Build.0 = Release|Any CPU
		{B1402044-DBEE-4893-8398-6E7AADE75ED7}.Debug|Any CPU.ActiveCfg = Debug|Any CPU
		{B1402044-DBEE-4893-8398-6E7AADE75ED7}.Debug|Any CPU.Build.0 = Debug|Any CPU
		{B1402044-DBEE-4893-8398-6E7AADE75ED7}.Release|Any CPU.ActiveCfg = Release|Any CPU
		{B1402044-DBEE-4893-8398-6E7AADE75ED7}.Release|Any CPU.Build.0 = Release|Any CPU
		{BD6EAA10-F3A4-40DF-BAB9-A2373E832B3E}.Debug|Any CPU.ActiveCfg = Debug|Any CPU
		{BD6EAA10-F3A4-40DF-BAB9-A2373E832B3E}.Debug|Any CPU.Build.0 = Debug|Any CPU
		{BD6EAA10-F3A4-40DF-BAB9-A2373E832B3E}.Release|Any CPU.ActiveCfg = Release|Any CPU
		{BD6EAA10-F3A4-40DF-BAB9-A2373E832B3E}.Release|Any CPU.Build.0 = Release|Any CPU
		{1FDACE9A-6D91-4573-B7A3-8DD779854F5A}.Debug|Any CPU.ActiveCfg = Debug|Any CPU
		{1FDACE9A-6D91-4573-B7A3-8DD779854F5A}.Debug|Any CPU.Build.0 = Debug|Any CPU
		{1FDACE9A-6D91-4573-B7A3-8DD779854F5A}.Release|Any CPU.ActiveCfg = Release|Any CPU
		{1FDACE9A-6D91-4573-B7A3-8DD779854F5A}.Release|Any CPU.Build.0 = Release|Any CPU
		{AE3A021A-EAC8-425E-876E-0E28C5819495}.Debug|Any CPU.ActiveCfg = Debug|Any CPU
		{AE3A021A-EAC8-425E-876E-0E28C5819495}.Debug|Any CPU.Build.0 = Debug|Any CPU
		{AE3A021A-EAC8-425E-876E-0E28C5819495}.Release|Any CPU.ActiveCfg = Release|Any CPU
		{AE3A021A-EAC8-425E-876E-0E28C5819495}.Release|Any CPU.Build.0 = Release|Any CPU
		{52A6ED46-E1B5-49D3-B8B4-A4980B083060}.Debug|Any CPU.ActiveCfg = Debug|Any CPU
		{52A6ED46-E1B5-49D3-B8B4-A4980B083060}.Debug|Any CPU.Build.0 = Debug|Any CPU
		{52A6ED46-E1B5-49D3-B8B4-A4980B083060}.Release|Any CPU.ActiveCfg = Release|Any CPU
		{52A6ED46-E1B5-49D3-B8B4-A4980B083060}.Release|Any CPU.Build.0 = Release|Any CPU
	EndGlobalSection
	GlobalSection(SolutionProperties) = preSolution
		HideSolutionNode = FALSE
	EndGlobalSection
	GlobalSection(ExtensibilityGlobals) = postSolution
		SolutionGuid = {2702AA63-F4C3-44D9-870B-5ED856DF5AA2}
	EndGlobalSection
EndGlobal
